
Microsoft Visual Studio Solution File, Format Version 12.00
# Visual Studio Version 17
VisualStudioVersion = 17.9.34622.214
MinimumVisualStudioVersion = 10.0.40219.1
Project("{9A19103F-16F7-4668-BE54-9A1E7A4F7556}") = "Simplification.CmdTests", "src\Simplification.CmdTests\Simplification.CmdTests.csproj", "{DD09E0B1-DB6B-4759-8178-8BBE00711F68}"
EndProject
Project("{9A19103F-16F7-4668-BE54-9A1E7A4F7556}") = "Simplification", "src\Simplification\Simplification.csproj", "{63650E71-9635-462B-8079-C53956B1607F}"
EndProject
Project("{9A19103F-16F7-4668-BE54-9A1E7A4F7556}") = "Simplification.Tests", "src\Simplification.Tests\Simplification.Tests.csproj", "{4CCF43F8-6537-40DB-9133-67E4E0573C1A}"
EndProject
Project("{9A19103F-16F7-4668-BE54-9A1E7A4F7556}") = "Simplification.Benchmarks", "src\Simplification.Benchmarks\Simplification.Benchmarks.csproj", "{A849E805-FB67-4B4E-949C-BC98DB9B149C}"
EndProject
Global
	GlobalSection(SolutionConfigurationPlatforms) = preSolution
		Debug|Any CPU = Debug|Any CPU
		Debug|x64 = Debug|x64
		Release|Any CPU = Release|Any CPU
		Release|x64 = Release|x64
	EndGlobalSection
	GlobalSection(ProjectConfigurationPlatforms) = postSolution
		{DD09E0B1-DB6B-4759-8178-8BBE00711F68}.Debug|Any CPU.ActiveCfg = Debug|Any CPU
		{DD09E0B1-DB6B-4759-8178-8BBE00711F68}.Debug|Any CPU.Build.0 = Debug|Any CPU
		{DD09E0B1-DB6B-4759-8178-8BBE00711F68}.Debug|x64.ActiveCfg = Debug|x64
		{DD09E0B1-DB6B-4759-8178-8BBE00711F68}.Debug|x64.Build.0 = Debug|x64
		{DD09E0B1-DB6B-4759-8178-8BBE00711F68}.Release|Any CPU.ActiveCfg = Release|Any CPU
		{DD09E0B1-DB6B-4759-8178-8BBE00711F68}.Release|Any CPU.Build.0 = Release|Any CPU
		{DD09E0B1-DB6B-4759-8178-8BBE00711F68}.Release|x64.ActiveCfg = Release|x64
		{DD09E0B1-DB6B-4759-8178-8BBE00711F68}.Release|x64.Build.0 = Release|x64
		{63650E71-9635-462B-8079-C53956B1607F}.Debug|Any CPU.ActiveCfg = Debug|Any CPU
		{63650E71-9635-462B-8079-C53956B1607F}.Debug|Any CPU.Build.0 = Debug|Any CPU
		{63650E71-9635-462B-8079-C53956B1607F}.Debug|x64.ActiveCfg = Debug|x64
		{63650E71-9635-462B-8079-C53956B1607F}.Debug|x64.Build.0 = Debug|x64
		{63650E71-9635-462B-8079-C53956B1607F}.Release|Any CPU.ActiveCfg = Release|Any CPU
		{63650E71-9635-462B-8079-C53956B1607F}.Release|Any CPU.Build.0 = Release|Any CPU
		{63650E71-9635-462B-8079-C53956B1607F}.Release|x64.ActiveCfg = Release|x64
		{63650E71-9635-462B-8079-C53956B1607F}.Release|x64.Build.0 = Release|x64
		{4CCF43F8-6537-40DB-9133-67E4E0573C1A}.Debug|Any CPU.ActiveCfg = Debug|Any CPU
		{4CCF43F8-6537-40DB-9133-67E4E0573C1A}.Debug|Any CPU.Build.0 = Debug|Any CPU
		{4CCF43F8-6537-40DB-9133-67E4E0573C1A}.Debug|x64.ActiveCfg = Debug|Any CPU
		{4CCF43F8-6537-40DB-9133-67E4E0573C1A}.Debug|x64.Build.0 = Debug|Any CPU
		{4CCF43F8-6537-40DB-9133-67E4E0573C1A}.Release|Any CPU.ActiveCfg = Release|Any CPU
		{4CCF43F8-6537-40DB-9133-67E4E0573C1A}.Release|Any CPU.Build.0 = Release|Any CPU
		{4CCF43F8-6537-40DB-9133-67E4E0573C1A}.Release|x64.ActiveCfg = Release|Any CPU
		{4CCF43F8-6537-40DB-9133-67E4E0573C1A}.Release|x64.Build.0 = Release|Any CPU
		{A849E805-FB67-4B4E-949C-BC98DB9B149C}.Debug|Any CPU.ActiveCfg = Debug|Any CPU
		{A849E805-FB67-4B4E-949C-BC98DB9B149C}.Debug|Any CPU.Build.0 = Debug|Any CPU
		{A849E805-FB67-4B4E-949C-BC98DB9B149C}.Debug|x64.ActiveCfg = Debug|Any CPU
		{A849E805-FB67-4B4E-949C-BC98DB9B149C}.Debug|x64.Build.0 = Debug|Any CPU
		{A849E805-FB67-4B4E-949C-BC98DB9B149C}.Release|Any CPU.ActiveCfg = Release|Any CPU
		{A849E805-FB67-4B4E-949C-BC98DB9B149C}.Release|Any CPU.Build.0 = Release|Any CPU
		{A849E805-FB67-4B4E-949C-BC98DB9B149C}.Release|x64.ActiveCfg = Release|Any CPU
		{A849E805-FB67-4B4E-949C-BC98DB9B149C}.Release|x64.Build.0 = Release|Any CPU
	EndGlobalSection
	GlobalSection(SolutionProperties) = preSolution
		HideSolutionNode = FALSE
	EndGlobalSection
	GlobalSection(ExtensibilityGlobals) = postSolution
		SolutionGuid = {25F189F0-A814-408F-9B9D-D472FE0D4AC1}
	EndGlobalSection
EndGlobal
